{
    "_readme": [
        "This file locks the dependencies of your project to a known state",
        "Read more about it at https://getcomposer.org/doc/01-basic-usage.md#installing-dependencies",
        "This file is @generated automatically"
    ],
    "content-hash": "cb276916a6145e774ad46cce8b857487",
    "packages": [
        {
            "name": "airmanbzh/php-html-generator",
            "version": "v1.0.2",
            "source": {
                "type": "git",
                "url": "https://github.com/Airmanbzh/php-html-generator.git",
                "reference": "5a707722a9f1fa656e6e3dd26e52db6f8369724b"
            },
            "dist": {
                "type": "zip",
                "url": "https://api.github.com/repos/Airmanbzh/php-html-generator/zipball/5a707722a9f1fa656e6e3dd26e52db6f8369724b",
                "reference": "5a707722a9f1fa656e6e3dd26e52db6f8369724b",
                "shasum": ""
            },
            "require": {
                "php": ">=5.3.0"
            },
            "type": "package",
            "autoload": {
                "psr-4": {
                    "HtmlGenerator\\": "src/"
                }
            },
            "notification-url": "https://packagist.org/downloads/",
            "license": [
                "MIT"
            ],
            "authors": [
                {
                    "name": "LE BOULC'H Brice",
                    "email": "airmanbzh@gmail.com",
                    "role": "Developer"
                }
            ],
            "description": "PHP html generator",
            "homepage": "https://github.com/Airmanbzh/php-html-generator",
            "keywords": [
                "generator",
                "html",
                "php"
            ],
            "support": {
                "issues": "https://github.com/Airmanbzh/php-html-generator/issues",
                "source": "https://github.com/Airmanbzh/php-html-generator/tree/master"
            },
            "time": "2018-04-06T14:52:36+00:00"
        }
    ],
    "packages-dev": [],
    "aliases": [],
    "minimum-stability": "stable",
    "stability-flags": [],
    "prefer-stable": false,
    "prefer-lowest": false,
    "platform": [],
    "platform-dev": [],
    "plugin-api-version": "2.3.0"
}
